
Microsoft Visual Studio Solution File, Format Version 12.00
# Visual Studio Version 17
VisualStudioVersion = 17.11.35208.52
MinimumVisualStudioVersion = 10.0.40219.1
Project("{FAE04EC0-301F-11D3-BF4B-00C04F79EFBC}") = "BalloonWorld", "BalloonWorld.csproj", "{BA166ABE-7EAA-4560-9466-E327F1F49F6D}"
EndProject
Global
	GlobalSection(SolutionConfigurationPlatforms) = preSolution
		Debug|Any CPU = Debug|Any CPU
		Release|Any CPU = Release|Any CPU
	EndGlobalSection
	GlobalSection(ProjectConfigurationPlatforms) = postSolution
		{BA166ABE-7EAA-4560-9466-E327F1F49F6D}.Debug|Any CPU.ActiveCfg = Debug|Any CPU
		{BA166ABE-7EAA-4560-9466-E327F1F49F6D}.Debug|Any CPU.Build.0 = Debug|Any CPU
		{BA166ABE-7EAA-4560-9466-E327F1F49F6D}.Release|Any CPU.ActiveCfg = Release|Any CPU
		{BA166ABE-7EAA-4560-9466-E327F1F49F6D}.Release|Any CPU.Build.0 = Release|Any CPU
	EndGlobalSection
	GlobalSection(SolutionProperties) = preSolution
		HideSolutionNode = FALSE
	EndGlobalSection
	GlobalSection(ExtensibilityGlobals) = postSolution
		SolutionGuid = {03FE670F-2F1D-49F3-B212-CCA61BD131E8}
	EndGlobalSection
EndGlobal
